// !$*UTF8*$!
{
	archiveVersion = 1;
	classes = {
	};
	objectVersion = 55;
	objects = {

/* Begin PBXBuildFile section */
		A7E38D464606ED32994D180E /* Pods_sidemenu_Tab.framework in Frameworks */ = {isa = PBXBuildFile; fileRef = EDF04D21E868C4C6FAA2774A /* Pods_sidemenu_Tab.framework */; };
		F95C9D6528CA5F4800C00D87 /* AppDelegate.swift in Sources */ = {isa = PBXBuildFile; fileRef = F95C9D6428CA5F4800C00D87 /* AppDelegate.swift */; };
		F95C9D6728CA5F4800C00D87 /* SceneDelegate.swift in Sources */ = {isa = PBXBuildFile; fileRef = F95C9D6628CA5F4800C00D87 /* SceneDelegate.swift */; };
		F95C9D6928CA5F4800C00D87 /* ViewController.swift in Sources */ = {isa = PBXBuildFile; fileRef = F95C9D6828CA5F4800C00D87 /* ViewController.swift */; };
		F95C9D6C28CA5F4800C00D87 /* Main.storyboard in Resources */ = {isa = PBXBuildFile; fileRef = F95C9D6A28CA5F4800C00D87 /* Main.storyboard */; };
		F95C9D6E28CA5F4A00C00D87 /* Assets.xcassets in Resources */ = {isa = PBXBuildFile; fileRef = F95C9D6D28CA5F4A00C00D87 /* Assets.xcassets */; };
		F95C9D7128CA5F4A00C00D87 /* LaunchScreen.storyboard in Resources */ = {isa = PBXBuildFile; fileRef = F95C9D6F28CA5F4A00C00D87 /* LaunchScreen.storyboard */; };
		F95C9D7928CA628400C00D87 /* ListController.swift in Sources */ = {isa = PBXBuildFile; fileRef = F95C9D7828CA628400C00D87 /* ListController.swift */; };
/* End PBXBuildFile section */

/* Begin PBXFileReference section */
		1D3470054BADD79523298871 /* Pods-sidemenu Tab.debug.xcconfig */ = {isa = PBXFileReference; includeInIndex = 1; lastKnownFileType = text.xcconfig; name = "Pods-sidemenu Tab.debug.xcconfig"; path = "Target Support Files/Pods-sidemenu Tab/Pods-sidemenu Tab.debug.xcconfig"; sourceTree = "<group>"; };
		413DD54715EC2233F0410827 /* Pods-sidemenu Tab.release.xcconfig */ = {isa = PBXFileReference; includeInIndex = 1; lastKnownFileType = text.xcconfig; name = "Pods-sidemenu Tab.release.xcconfig"; path = "Target Support Files/Pods-sidemenu Tab/Pods-sidemenu Tab.release.xcconfig"; sourceTree = "<group>"; };
		EDF04D21E868C4C6FAA2774A /* Pods_sidemenu_Tab.framework */ = {isa = PBXFileReference; explicitFileType = wrapper.framework; includeInIndex = 0; path = Pods_sidemenu_Tab.framework; sourceTree = BUILT_PRODUCTS_DIR; };
		F95C9D6128CA5F4800C00D87 /* sidemenu Tab.app */ = {isa = PBXFileReference; explicitFileType = wrapper.application; includeInIndex = 0; path = "sidemenu Tab.app"; sourceTree = BUILT_PRODUCTS_DIR; };
		F95C9D6428CA5F4800C00D87 /* AppDelegate.swift */ = {isa = PBXFileReference; lastKnownFileType = sourcecode.swift; path = AppDelegate.swift; sourceTree = "<group>"; };
		F95C9D6628CA5F4800C00D87 /* SceneDelegate.swift */ = {isa = PBXFileReference; lastKnownFileType = sourcecode.swift; path = SceneDelegate.swift; sourceTree = "<group>"; };
		F95C9D6828CA5F4800C00D87 /* ViewController.swift */ = {isa = PBXFileReference; lastKnownFileType = sourcecode.swift; path = ViewController.swift; sourceTree = "<group>"; };
		F95C9D6B28CA5F4800C00D87 /* Base */ = {isa = PBXFileReference; lastKnownFileType = file.storyboard; name = Base; path = Base.lproj/Main.storyboard; sourceTree = "<group>"; };
		F95C9D6D28CA5F4A00C00D87 /* Assets.xcassets */ = {isa = PBXFileReference; lastKnownFileType = folder.assetcatalog; path = Assets.xcassets; sourceTree = "<group>"; };
		F95C9D7028CA5F4A00C00D87 /* Base */ = {isa = PBXFileReference; lastKnownFileType = file.storyboard; name = Base; path = Base.lproj/LaunchScreen.storyboard; sourceTree = "<group>"; };
		F95C9D7228CA5F4A00C00D87 /* Info.plist */ = {isa = PBXFileReference; lastKnownFileType = text.plist.xml; path = Info.plist; sourceTree = "<group>"; };
		F95C9D7828CA628400C00D87 /* ListController.swift */ = {isa = PBXFileReference; lastKnownFileType = sourcecode.swift; path = ListController.swift; sourceTree = "<group>"; };
/* End PBXFileReference section */

/* Begin PBXFrameworksBuildPhase section */
		F95C9D5E28CA5F4800C00D87 /* Frameworks */ = {
			isa = PBXFrameworksBuildPhase;
			buildActionMask = 2147483647;
			files = (
				A7E38D464606ED32994D180E /* Pods_sidemenu_Tab.framework in Frameworks */,
			);
			runOnlyForDeploymentPostprocessing = 0;
		};
/* End PBXFrameworksBuildPhase section */

/* Begin PBXGroup section */
		1AE7256A256F7F8274DD09D1 /* Frameworks */ = {
			isa = PBXGroup;
			children = (
				EDF04D21E868C4C6FAA2774A /* Pods_sidemenu_Tab.framework */,
			);
			name = Frameworks;
			sourceTree = "<group>";
		};
		D1EE66D63F6B2926A70A4804 /* Pods */ = {
			isa = PBXGroup;
			children = (
				1D3470054BADD79523298871 /* Pods-sidemenu Tab.debug.xcconfig */,
				413DD54715EC2233F0410827 /* Pods-sidemenu Tab.release.xcconfig */,
			);
			path = Pods;
			sourceTree = "<group>";
		};
		F95C9D5828CA5F4800C00D87 = {
			isa = PBXGroup;
			children = (
				F95C9D6328CA5F4800C00D87 /* sidemenu Tab */,
				F95C9D6228CA5F4800C00D87 /* Products */,
				D1EE66D63F6B2926A70A4804 /* Pods */,
				1AE7256A256F7F8274DD09D1 /* Frameworks */,
			);
			sourceTree = "<group>";
		};
		F95C9D6228CA5F4800C00D87 /* Products */ = {
			isa = PBXGroup;
			children = (
				F95C9D6128CA5F4800C00D87 /* sidemenu Tab.app */,
			);
			name = Products;
			sourceTree = "<group>";
		};
		F95C9D6328CA5F4800C00D87 /* sidemenu Tab */ = {
			isa = PBXGroup;
			children = (
				F95C9D6428CA5F4800C00D87 /* AppDelegate.swift */,
				F95C9D6628CA5F4800C00D87 /* SceneDelegate.swift */,
				F95C9D6828CA5F4800C00D87 /* ViewController.swift */,
				F95C9D7828CA628400C00D87 /* ListController.swift */,
				F95C9D6A28CA5F4800C00D87 /* Main.storyboard */,
				F95C9D6D28CA5F4A00C00D87 /* Assets.xcassets */,
				F95C9D6F28CA5F4A00C00D87 /* LaunchScreen.storyboard */,
				F95C9D7228CA5F4A00C00D87 /* Info.plist */,
			);
			path = "sidemenu Tab";
			sourceTree = "<group>";
		};
/* End PBXGroup section */

/* Begin PBXNativeTarget section */
		F95C9D6028CA5F4800C00D87 /* sidemenu Tab */ = {
			isa = PBXNativeTarget;
			buildConfigurationList = F95C9D7528CA5F4A00C00D87 /* Build configuration list for PBXNativeTarget "sidemenu Tab" */;
			buildPhases = (
				DEE41A5C9534C19FF13C86D5 /* [CP] Check Pods Manifest.lock */,
				F95C9D5D28CA5F4800C00D87 /* Sources */,
				F95C9D5E28CA5F4800C00D87 /* Frameworks */,
				F95C9D5F28CA5F4800C00D87 /* Resources */,
				641536EA91A468EB5493BED3 /* [CP] Embed Pods Frameworks */,
			);
			buildRules = (
			);
			dependencies = (
			);
			name = "sidemenu Tab";
			productName = "sidemenu Tab";
			productReference = F95C9D6128CA5F4800C00D87 /* sidemenu Tab.app */;
			productType = "com.apple.product-type.application";
		};
/* End PBXNativeTarget section */

/* Begin PBXProject section */
		F95C9D5928CA5F4800C00D87 /* Project object */ = {
			isa = PBXProject;
			attributes = {
				BuildIndependentTargetsInParallel = 1;
				LastSwiftUpdateCheck = 1330;
				LastUpgradeCheck = 1330;
				TargetAttributes = {
					F95C9D6028CA5F4800C00D87 = {
						CreatedOnToolsVersion = 13.3.1;
					};
				};
			};
			buildConfigurationList = F95C9D5C28CA5F4800C00D87 /* Build configuration list for PBXProject "sidemenu Tab" */;
			compatibilityVersion = "Xcode 13.0";
			developmentRegion = en;
			hasScannedForEncodings = 0;
			knownRegions = (
				en,
				Base,
			);
			mainGroup = F95C9D5828CA5F4800C00D87;
			productRefGroup = F95C9D6228CA5F4800C00D87 /* Products */;
			projectDirPath = "";
			projectRoot = "";
			targets = (
				F95C9D6028CA5F4800C00D87 /* sidemenu Tab */,
			);
		};
/* End PBXProject section */

/* Begin PBXResourcesBuildPhase section */
		F95C9D5F28CA5F4800C00D87 /* Resources */ = {
			isa = PBXResourcesBuildPhase;
			buildActionMask = 2147483647;
			files = (
				F95C9D7128CA5F4A00C00D87 /* LaunchScreen.storyboard in Resources */,
				F95C9D6E28CA5F4A00C00D87 /* Assets.xcassets in Resources */,
				F95C9D6C28CA5F4800C00D87 /* Main.storyboard in Resources */,
			);
			runOnlyForDeploymentPostprocessing = 0;
		};
/* End PBXResourcesBuildPhase section */

/* Begin PBXShellScriptBuildPhase section */
		641536EA91A468EB5493BED3 /* [CP] Embed Pods Frameworks */ = {
			isa = PBXShellScriptBuildPhase;
			buildActionMask = 2147483647;
			files = (
			);
			inputFileListPaths = (
				"${PODS_ROOT}/Target Support Files/Pods-sidemenu Tab/Pods-sidemenu Tab-frameworks-${CONFIGURATION}-input-files.xcfilelist",
			);
			name = "[CP] Embed Pods Frameworks";
			outputFileListPaths = (
				"${PODS_ROOT}/Target Support Files/Pods-sidemenu Tab/Pods-sidemenu Tab-frameworks-${CONFIGURATION}-output-files.xcfilelist",
			);
			runOnlyForDeploymentPostprocessing = 0;
			shellPath = /bin/sh;
			shellScript = "\"${PODS_ROOT}/Target Support Files/Pods-sidemenu Tab/Pods-sidemenu Tab-frameworks.sh\"\n";
			showEnvVarsInLog = 0;
		};
		DEE41A5C9534C19FF13C86D5 /* [CP] Check Pods Manifest.lock */ = {
			isa = PBXShellScriptBuildPhase;
			buildActionMask = 2147483647;
			files = (
			);
			inputFileListPaths = (
			);
			inputPaths = (
				"${PODS_PODFILE_DIR_PATH}/Podfile.lock",
				"${PODS_ROOT}/Manifest.lock",
			);
			name = "[CP] Check Pods Manifest.lock";
			outputFileListPaths = (
			);
			outputPaths = (
				"$(DERIVED_FILE_DIR)/Pods-sidemenu Tab-checkManifestLockResult.txt",
			);
			runOnlyForDeploymentPostprocessing = 0;
			shellPath = /bin/sh;
			shellScript = "diff \"${PODS_PODFILE_DIR_PATH}/Podfile.lock\" \"${PODS_ROOT}/Manifest.lock\" > /dev/null\nif [ $? != 0 ] ; then\n    # print error to STDERR\n    echo \"error: The sandbox is not in sync with the Podfile.lock. Run 'pod install' or update your CocoaPods installation.\" >&2\n    exit 1\nfi\n# This output is used by Xcode 'outputs' to avoid re-running this script phase.\necho \"SUCCESS\" > \"${SCRIPT_OUTPUT_FILE_0}\"\n";
			showEnvVarsInLog = 0;
		};
/* End PBXShellScriptBuildPhase section */

/* Begin PBXSourcesBuildPhase section */
		F95C9D5D28CA5F4800C00D87 /* Sources */ = {
			isa = PBXSourcesBuildPhase;
			buildActionMask = 2147483647;
			files = (
				F95C9D6928CA5F4800C00D87 /* ViewController.swift in Sources */,
				F95C9D6528CA5F4800C00D87 /* AppDelegate.swift in Sources */,
				F95C9D6728CA5F4800C00D87 /* SceneDelegate.swift in Sources */,
				F95C9D7928CA628400C00D87 /* ListController.swift in Sources */,
			);
			runOnlyForDeploymentPostprocessing = 0;
		};
/* End PBXSourcesBuildPhase section */

/* Begin PBXVariantGroup section */
		F95C9D6A28CA5F4800C00D87 /* Main.storyboard */ = {
			isa = PBXVariantGroup;
			children = (
				F95C9D6B28CA5F4800C00D87 /* Base */,
			);
			name = Main.storyboard;
			sourceTree = "<group>";
		};
		F95C9D6F28CA5F4A00C00D87 /* LaunchScreen.storyboard */ = {
			isa = PBXVariantGroup;
			children = (
				F95C9D7028CA5F4A00C00D87 /* Base */,
			);
			name = LaunchScreen.storyboard;
			sourceTree = "<group>";
		};
/* End PBXVariantGroup section */

/* Begin XCBuildConfiguration section */
		F95C9D7328CA5F4A00C00D87 /* Debug */ = {
			isa = XCBuildConfiguration;
			buildSettings = {
				ALWAYS_SEARCH_USER_PATHS = NO;
				CLANG_ANALYZER_NONNULL = YES;
				CLANG_ANALYZER_NUMBER_OBJECT_CONVERSION = YES_AGGRESSIVE;
				CLANG_CXX_LANGUAGE_STANDARD = "gnu++17";
				CLANG_ENABLE_MODULES = YES;
				CLANG_ENABLE_OBJC_ARC = YES;
				CLANG_ENABLE_OBJC_WEAK = YES;
				CLANG_WARN_BLOCK_CAPTURE_AUTORELEASING = YES;
				CLANG_WARN_BOOL_CONVERSION = YES;
				CLANG_WARN_COMMA = YES;
				CLANG_WARN_CONSTANT_CONVERSION = YES;
				CLANG_WARN_DEPRECATED_OBJC_IMPLEMENTATIONS = YES;
				CLANG_WARN_DIRECT_OBJC_ISA_USAGE = YES_ERROR;
				CLANG_WARN_DOCUMENTATION_COMMENTS = YES;
				CLANG_WARN_EMPTY_BODY = YES;
				CLANG_WARN_ENUM_CONVERSION = YES;
				CLANG_WARN_INFINITE_RECURSION = YES;
				CLANG_WARN_INT_CONVERSION = YES;
				CLANG_WARN_NON_LITERAL_NULL_CONVERSION = YES;
				CLANG_WARN_OBJC_IMPLICIT_RETAIN_SELF = YES;
				CLANG_WARN_OBJC_LITERAL_CONVERSION = YES;
				CLANG_WARN_OBJC_ROOT_CLASS = YES_ERROR;
				CLANG_WARN_QUOTED_INCLUDE_IN_FRAMEWORK_HEADER = YES;
				CLANG_WARN_RANGE_LOOP_ANALYSIS = YES;
				CLANG_WARN_STRICT_PROTOTYPES = YES;
				CLANG_WARN_SUSPICIOUS_MOVE = YES;
				CLANG_WARN_UNGUARDED_AVAILABILITY = YES_AGGRESSIVE;
				CLANG_WARN_UNREACHABLE_CODE = YES;
				CLANG_WARN__DUPLICATE_METHOD_MATCH = YES;
				COPY_PHASE_STRIP = NO;
				DEBUG_INFORMATION_FORMAT = dwarf;
				ENABLE_STRICT_OBJC_MSGSEND = YES;
				ENABLE_TESTABILITY = YES;
				GCC_C_LANGUAGE_STANDARD = gnu11;
				GCC_DYNAMIC_NO_PIC = NO;
				GCC_NO_COMMON_BLOCKS = YES;
				GCC_OPTIMIZATION_LEVEL = 0;
				GCC_PREPROCESSOR_DEFINITIONS = (
					"DEBUG=1",
					"$(inherited)",
				);
				GCC_WARN_64_TO_32_BIT_CONVERSION = YES;
				GCC_WARN_ABOUT_RETURN_TYPE = YES_ERROR;
				GCC_WARN_UNDECLARED_SELECTOR = YES;
				GCC_WARN_UNINITIALIZED_AUTOS = YES_AGGRESSIVE;
				GCC_WARN_UNUSED_FUNCTION = YES;
				GCC_WARN_UNUSED_VARIABLE = YES;
				IPHONEOS_DEPLOYMENT_TARGET = 15.4;
				MTL_ENABLE_DEBUG_INFO = INCLUDE_SOURCE;
				MTL_FAST_MATH = YES;
				ONLY_ACTIVE_ARCH = YES;
				SDKROOT = iphoneos;
				SWIFT_ACTIVE_COMPILATION_CONDITIONS = DEBUG;
				SWIFT_OPTIMIZATION_LEVEL = "-Onone";
			};
			name = Debug;
		};
		F95C9D7428CA5F4A00C00D87 /* Release */ = {
			isa = XCBuildConfiguration;
			buildSettings = {
				ALWAYS_SEARCH_USER_PATHS = NO;
				CLANG_ANALYZER_NONNULL = YES;
				CLANG_ANALYZER_NUMBER_OBJECT_CONVERSION = YES_AGGRESSIVE;
				CLANG_CXX_LANGUAGE_STANDARD = "gnu++17";
				CLANG_ENABLE_MODULES = YES;
				CLANG_ENABLE_OBJC_ARC = YES;
				CLANG_ENABLE_OBJC_WEAK = YES;
				CLANG_WARN_BLOCK_CAPTURE_AUTORELEASING = YES;
				CLANG_WARN_BOOL_CONVERSION = YES;
				CLANG_WARN_COMMA = YES;
				CLANG_WARN_CONSTANT_CONVERSION = YES;
				CLANG_WARN_DEPRECATED_OBJC_IMPLEMENTATIONS = YES;
				CLANG_WARN_DIRECT_OBJC_ISA_USAGE = YES_ERROR;
				CLANG_WARN_DOCUMENTATION_COMMENTS = YES;
				CLANG_WARN_EMPTY_BODY = YES;
				CLANG_WARN_ENUM_CONVERSION = YES;
				CLANG_WARN_INFINITE_RECURSION = YES;
				CLANG_WARN_INT_CONVERSION = YES;
				CLANG_WARN_NON_LITERAL_NULL_CONVERSION = YES;
				CLANG_WARN_OBJC_IMPLICIT_RETAIN_SELF = YES;
				CLANG_WARN_OBJC_LITERAL_CONVERSION = YES;
				CLANG_WARN_OBJC_ROOT_CLASS = YES_ERROR;
				CLANG_WARN_QUOTED_INCLUDE_IN_FRAMEWORK_HEADER = YES;
				CLANG_WARN_RANGE_LOOP_ANALYSIS = YES;
				CLANG_WARN_STRICT_PROTOTYPES = YES;
				CLANG_WARN_SUSPICIOUS_MOVE = YES;
				CLANG_WARN_UNGUARDED_AVAILABILITY = YES_AGGRESSIVE;
				CLANG_WARN_UNREACHABLE_CODE = YES;
				CLANG_WARN__DUPLICATE_METHOD_MATCH = YES;
				COPY_PHASE_STRIP = NO;
				DEBUG_INFORMATION_FORMAT = "dwarf-with-dsym";
				ENABLE_NS_ASSERTIONS = NO;
				ENABLE_STRICT_OBJC_MSGSEND = YES;
				GCC_C_LANGUAGE_STANDARD = gnu11;
				GCC_NO_COMMON_BLOCKS = YES;
				GCC_WARN_64_TO_32_BIT_CONVERSION = YES;
				GCC_WARN_ABOUT_RETURN_TYPE = YES_ERROR;
				GCC_WARN_UNDECLARED_SELECTOR = YES;
				GCC_WARN_UNINITIALIZED_AUTOS = YES_AGGRESSIVE;
				GCC_WARN_UNUSED_FUNCTION = YES;
				GCC_WARN_UNUSED_VARIABLE = YES;
				IPHONEOS_DEPLOYMENT_TARGET = 15.4;
				MTL_ENABLE_DEBUG_INFO = NO;
				MTL_FAST_MATH = YES;
				SDKROOT = iphoneos;
				SWIFT_COMPILATION_MODE = wholemodule;
				SWIFT_OPTIMIZATION_LEVEL = "-O";
				VALIDATE_PRODUCT = YES;
			};
			name = Release;
		};
		F95C9D7628CA5F4A00C00D87 /* Debug */ = {
			isa = XCBuildConfiguration;
			baseConfigurationReference = 1D3470054BADD79523298871 /* Pods-sidemenu Tab.debug.xcconfig */;
			buildSettings = {
				ASSETCATALOG_COMPILER_APPICON_NAME = AppIcon;
				ASSETCATALOG_COMPILER_GLOBAL_ACCENT_COLOR_NAME = AccentColor;
				CODE_SIGN_STYLE = Automatic;
				CURRENT_PROJECT_VERSION = 1;
				GENERATE_INFOPLIST_FILE = YES;
				INFOPLIST_FILE = "sidemenu Tab/Info.plist";
				INFOPLIST_KEY_UIApplicationSupportsIndirectInputEvents = YES;
				INFOPLIST_KEY_UILaunchStoryboardName = LaunchScreen;
				INFOPLIST_KEY_UIMainStoryboardFile = Main;
				INFOPLIST_KEY_UISupportedInterfaceOrientations_iPad = "UIInterfaceOrientationPortrait UIInterfaceOrientationPortraitUpsideDown UIInterfaceOrientationLandscapeLeft UIInterfaceOrientationLandscapeRight";
				INFOPLIST_KEY_UISupportedInterfaceOrientations_iPhone = "UIInterfaceOrientationPortrait UIInterfaceOrientationLandscapeLeft UIInterfaceOrientationLandscapeRight";
				LD_RUNPATH_SEARCH_PATHS = (
					"$(inherited)",
					"@executable_path/Frameworks",
				);
				MARKETING_VERSION = 1.0;
				PRODUCT_BUNDLE_IDENTIFIER = "V.sidemenu-Tab";
				PRODUCT_NAME = "$(TARGET_NAME)";
				SWIFT_EMIT_LOC_STRINGS = YES;
				SWIFT_VERSION = 5.0;
				TARGETED_DEVICE_FAMILY = "1,2";
			};
			name = Debug;
		};
		F95C9D7728CA5F4A00C00D87 /* Release */ = {
			isa = XCBuildConfiguration;
			baseConfigurationReference = 413DD54715EC2233F0410827 /* Pods-sidemenu Tab.release.xcconfig */;
			buildSettings = {
				ASSETCATALOG_COMPILER_APPICON_NAME = AppIcon;
				ASSETCATALOG_COMPILER_GLOBAL_ACCENT_COLOR_NAME = AccentColor;
				CODE_SIGN_STYLE = Automatic;
				CURRENT_PROJECT_VERSION = 1;
				GENERATE_INFOPLIST_FILE = YES;
				INFOPLIST_FILE = "sidemenu Tab/Info.plist";
				INFOPLIST_KEY_UIApplicationSupportsIndirectInputEvents = YES;
				INFOPLIST_KEY_UILaunchStoryboardName = LaunchScreen;
				INFOPLIST_KEY_UIMainStoryboardFile = Main;
				INFOPLIST_KEY_UISupportedInterfaceOrientations_iPad = "UIInterfaceOrientationPortrait UIInterfaceOrientationPortraitUpsideDown UIInterfaceOrientationLandscapeLeft UIInterfaceOrientationLandscapeRight";
				INFOPLIST_KEY_UISupportedInterfaceOrientations_iPhone = "UIInterfaceOrientationPortrait UIInterfaceOrientationLandscapeLeft UIInterfaceOrientationLandscapeRight";
				LD_RUNPATH_SEARCH_PATHS = (
					"$(inherited)",
					"@executable_path/Frameworks",
				);
				MARKETING_VERSION = 1.0;
				PRODUCT_BUNDLE_IDENTIFIER = "V.sidemenu-Tab";
				PRODUCT_NAME = "$(TARGET_NAME)";
				SWIFT_EMIT_LOC_STRINGS = YES;
				SWIFT_VERSION = 5.0;
				TARGETED_DEVICE_FAMILY = "1,2";
			};
			name = Release;
		};
/* End XCBuildConfiguration section */

/* Begin XCConfigurationList section */
		F95C9D5C28CA5F4800C00D87 /* Build configuration list for PBXProject "sidemenu Tab" */ = {
			isa = XCConfigurationList;
			buildConfigurations = (
				F95C9D7328CA5F4A00C00D87 /* Debug */,
				F95C9D7428CA5F4A00C00D87 /* Release */,
			);
			defaultConfigurationIsVisible = 0;
			defaultConfigurationName = Release;
		};
		F95C9D7528CA5F4A00C00D87 /* Build configuration list for PBXNativeTarget "sidemenu Tab" */ = {
			isa = XCConfigurationList;
			buildConfigurations = (
				F95C9D7628CA5F4A00C00D87 /* Debug */,
				F95C9D7728CA5F4A00C00D87 /* Release */,
			);
			defaultConfigurationIsVisible = 0;
			defaultConfigurationName = Release;
		};
/* End XCConfigurationList section */
	};
	rootObject = F95C9D5928CA5F4800C00D87 /* Project object */;
}
